// !$*UTF8*$!
{
	archiveVersion = 1;
	classes = {
	};
	objectVersion = 55;
	objects = {

/* Begin PBXBuildFile section */
		D9CAC2F728A2AF3300DC088F /* AppDelegate.swift in Sources */ = {isa = PBXBuildFile; fileRef = D9CAC2F628A2AF3300DC088F /* AppDelegate.swift */; };
		D9CAC2F928A2AF3300DC088F /* SceneDelegate.swift in Sources */ = {isa = PBXBuildFile; fileRef = D9CAC2F828A2AF3300DC088F /* SceneDelegate.swift */; };
		D9CAC30028A2AF3600DC088F /* Assets.xcassets in Resources */ = {isa = PBXBuildFile; fileRef = D9CAC2FF28A2AF3600DC088F /* Assets.xcassets */; };
		D9CAC30328A2AF3600DC088F /* LaunchScreen.storyboard in Resources */ = {isa = PBXBuildFile; fileRef = D9CAC30128A2AF3600DC088F /* LaunchScreen.storyboard */; };
		D9CAC30B28A42AD200DC088F /* SearchVC.swift in Sources */ = {isa = PBXBuildFile; fileRef = D9CAC30A28A42AD200DC088F /* SearchVC.swift */; };
		D9CAC30D28A42B2400DC088F /* FavoritesListVC.swift in Sources */ = {isa = PBXBuildFile; fileRef = D9CAC30C28A42B2400DC088F /* FavoritesListVC.swift */; };
		D9CAC30F28A68F0E00DC088F /* GFButton.swift in Sources */ = {isa = PBXBuildFile; fileRef = D9CAC30E28A68F0E00DC088F /* GFButton.swift */; };
		D9CAC31128A692DF00DC088F /* GFTextField.swift in Sources */ = {isa = PBXBuildFile; fileRef = D9CAC31028A692DF00DC088F /* GFTextField.swift */; };
		D9CAC31328A838BF00DC088F /* FollowerListVC.swift in Sources */ = {isa = PBXBuildFile; fileRef = D9CAC31228A838BF00DC088F /* FollowerListVC.swift */; };
		D9CAC31528AA1AE200DC088F /* GFTitleLabel.swift in Sources */ = {isa = PBXBuildFile; fileRef = D9CAC31428AA1AE200DC088F /* GFTitleLabel.swift */; };
		D9CAC31728AA1F0600DC088F /* GFBodyLabel.swift in Sources */ = {isa = PBXBuildFile; fileRef = D9CAC31628AA1F0600DC088F /* GFBodyLabel.swift */; };
		D9CAC31928AA1FDF00DC088F /* GFAlertVC.swift in Sources */ = {isa = PBXBuildFile; fileRef = D9CAC31828AA1FDF00DC088F /* GFAlertVC.swift */; };
		D9CAC31B28AB6F2700DC088F /* UIViewController+Ext.swift in Sources */ = {isa = PBXBuildFile; fileRef = D9CAC31A28AB6F2700DC088F /* UIViewController+Ext.swift */; };
/* End PBXBuildFile section */

/* Begin PBXFileReference section */
		D9CAC2F328A2AF3300DC088F /* GH Followers.app */ = {isa = PBXFileReference; explicitFileType = wrapper.application; includeInIndex = 0; path = "GH Followers.app"; sourceTree = BUILT_PRODUCTS_DIR; };
		D9CAC2F628A2AF3300DC088F /* AppDelegate.swift */ = {isa = PBXFileReference; lastKnownFileType = sourcecode.swift; path = AppDelegate.swift; sourceTree = "<group>"; };
		D9CAC2F828A2AF3300DC088F /* SceneDelegate.swift */ = {isa = PBXFileReference; lastKnownFileType = sourcecode.swift; path = SceneDelegate.swift; sourceTree = "<group>"; };
		D9CAC2FF28A2AF3600DC088F /* Assets.xcassets */ = {isa = PBXFileReference; lastKnownFileType = folder.assetcatalog; path = Assets.xcassets; sourceTree = "<group>"; };
		D9CAC30228A2AF3600DC088F /* Base */ = {isa = PBXFileReference; lastKnownFileType = file.storyboard; name = Base; path = Base.lproj/LaunchScreen.storyboard; sourceTree = "<group>"; };
		D9CAC30428A2AF3600DC088F /* Info.plist */ = {isa = PBXFileReference; lastKnownFileType = text.plist.xml; path = Info.plist; sourceTree = "<group>"; };
		D9CAC30A28A42AD200DC088F /* SearchVC.swift */ = {isa = PBXFileReference; lastKnownFileType = sourcecode.swift; path = SearchVC.swift; sourceTree = "<group>"; };
		D9CAC30C28A42B2400DC088F /* FavoritesListVC.swift */ = {isa = PBXFileReference; lastKnownFileType = sourcecode.swift; path = FavoritesListVC.swift; sourceTree = "<group>"; };
		D9CAC30E28A68F0E00DC088F /* GFButton.swift */ = {isa = PBXFileReference; lastKnownFileType = sourcecode.swift; path = GFButton.swift; sourceTree = "<group>"; };
		D9CAC31028A692DF00DC088F /* GFTextField.swift */ = {isa = PBXFileReference; lastKnownFileType = sourcecode.swift; path = GFTextField.swift; sourceTree = "<group>"; };
		D9CAC31228A838BF00DC088F /* FollowerListVC.swift */ = {isa = PBXFileReference; lastKnownFileType = sourcecode.swift; path = FollowerListVC.swift; sourceTree = "<group>"; };
		D9CAC31428AA1AE200DC088F /* GFTitleLabel.swift */ = {isa = PBXFileReference; lastKnownFileType = sourcecode.swift; path = GFTitleLabel.swift; sourceTree = "<group>"; };
		D9CAC31628AA1F0600DC088F /* GFBodyLabel.swift */ = {isa = PBXFileReference; lastKnownFileType = sourcecode.swift; path = GFBodyLabel.swift; sourceTree = "<group>"; };
		D9CAC31828AA1FDF00DC088F /* GFAlertVC.swift */ = {isa = PBXFileReference; lastKnownFileType = sourcecode.swift; path = GFAlertVC.swift; sourceTree = "<group>"; };
		D9CAC31A28AB6F2700DC088F /* UIViewController+Ext.swift */ = {isa = PBXFileReference; lastKnownFileType = sourcecode.swift; path = "UIViewController+Ext.swift"; sourceTree = "<group>"; };
/* End PBXFileReference section */

/* Begin PBXFrameworksBuildPhase section */
		D9CAC2F028A2AF3300DC088F /* Frameworks */ = {
			isa = PBXFrameworksBuildPhase;
			buildActionMask = 2147483647;
			files = (
			);
			runOnlyForDeploymentPostprocessing = 0;
		};
/* End PBXFrameworksBuildPhase section */

/* Begin PBXGroup section */
		D9CAC2EA28A2AF3300DC088F = {
			isa = PBXGroup;
			children = (
				D9CAC2F528A2AF3300DC088F /* GH Followers */,
				D9CAC2F428A2AF3300DC088F /* Products */,
			);
			sourceTree = "<group>";
		};
		D9CAC2F428A2AF3300DC088F /* Products */ = {
			isa = PBXGroup;
			children = (
				D9CAC2F328A2AF3300DC088F /* GH Followers.app */,
			);
			name = Products;
			sourceTree = "<group>";
		};
		D9CAC2F528A2AF3300DC088F /* GH Followers */ = {
			isa = PBXGroup;
			children = (
				D9CAC31F28AD488900DC088F /* Support */,
				D9CAC31E28AD481B00DC088F /* Extentions */,
				D9CAC31D28AD47EA00DC088F /* CustomViews */,
				D9CAC31C28AD479100DC088F /* Screens */,
			);
			path = "GH Followers";
			sourceTree = "<group>";
		};
		D9CAC31C28AD479100DC088F /* Screens */ = {
			isa = PBXGroup;
			children = (
				D9CAC31228A838BF00DC088F /* FollowerListVC.swift */,
				D9CAC30A28A42AD200DC088F /* SearchVC.swift */,
				D9CAC30C28A42B2400DC088F /* FavoritesListVC.swift */,
			);
			path = Screens;
			sourceTree = "<group>";
		};
		D9CAC31D28AD47EA00DC088F /* CustomViews */ = {
			isa = PBXGroup;
			children = (
				D9CAC31428AA1AE200DC088F /* GFTitleLabel.swift */,
				D9CAC31828AA1FDF00DC088F /* GFAlertVC.swift */,
				D9CAC31628AA1F0600DC088F /* GFBodyLabel.swift */,
				D9CAC30E28A68F0E00DC088F /* GFButton.swift */,
				D9CAC31028A692DF00DC088F /* GFTextField.swift */,
			);
			path = CustomViews;
			sourceTree = "<group>";
		};
		D9CAC31E28AD481B00DC088F /* Extentions */ = {
			isa = PBXGroup;
			children = (
				D9CAC31A28AB6F2700DC088F /* UIViewController+Ext.swift */,
			);
			path = Extentions;
			sourceTree = "<group>";
		};
		D9CAC31F28AD488900DC088F /* Support */ = {
			isa = PBXGroup;
			children = (
				D9CAC2F628A2AF3300DC088F /* AppDelegate.swift */,
				D9CAC2F828A2AF3300DC088F /* SceneDelegate.swift */,
				D9CAC2FF28A2AF3600DC088F /* Assets.xcassets */,
				D9CAC30128A2AF3600DC088F /* LaunchScreen.storyboard */,
				D9CAC30428A2AF3600DC088F /* Info.plist */,
			);
			path = Support;
			sourceTree = "<group>";
		};
/* End PBXGroup section */

/* Begin PBXNativeTarget section */
		D9CAC2F228A2AF3300DC088F /* GH Followers */ = {
			isa = PBXNativeTarget;
			buildConfigurationList = D9CAC30728A2AF3600DC088F /* Build configuration list for PBXNativeTarget "GH Followers" */;
			buildPhases = (
				D9CAC2EF28A2AF3300DC088F /* Sources */,
				D9CAC2F028A2AF3300DC088F /* Frameworks */,
				D9CAC2F128A2AF3300DC088F /* Resources */,
			);
			buildRules = (
			);
			dependencies = (
			);
			name = "GH Followers";
			productName = "GH Followers";
			productReference = D9CAC2F328A2AF3300DC088F /* GH Followers.app */;
			productType = "com.apple.product-type.application";
		};
/* End PBXNativeTarget section */

/* Begin PBXProject section */
		D9CAC2EB28A2AF3300DC088F /* Project object */ = {
			isa = PBXProject;
			attributes = {
				BuildIndependentTargetsInParallel = 1;
				LastSwiftUpdateCheck = 1340;
				LastUpgradeCheck = 1340;
				TargetAttributes = {
					D9CAC2F228A2AF3300DC088F = {
						CreatedOnToolsVersion = 13.4.1;
					};
				};
			};
			buildConfigurationList = D9CAC2EE28A2AF3300DC088F /* Build configuration list for PBXProject "GH Followers" */;
			compatibilityVersion = "Xcode 13.0";
			developmentRegion = en;
			hasScannedForEncodings = 0;
			knownRegions = (
				en,
				Base,
			);
			mainGroup = D9CAC2EA28A2AF3300DC088F;
			productRefGroup = D9CAC2F428A2AF3300DC088F /* Products */;
			projectDirPath = "";
			projectRoot = "";
			targets = (
				D9CAC2F228A2AF3300DC088F /* GH Followers */,
			);
		};
/* End PBXProject section */

/* Begin PBXResourcesBuildPhase section */
		D9CAC2F128A2AF3300DC088F /* Resources */ = {
			isa = PBXResourcesBuildPhase;
			buildActionMask = 2147483647;
			files = (
				D9CAC30328A2AF3600DC088F /* LaunchScreen.storyboard in Resources */,
				D9CAC30028A2AF3600DC088F /* Assets.xcassets in Resources */,
			);
			runOnlyForDeploymentPostprocessing = 0;
		};
/* End PBXResourcesBuildPhase section */

/* Begin PBXSourcesBuildPhase section */
		D9CAC2EF28A2AF3300DC088F /* Sources */ = {
			isa = PBXSourcesBuildPhase;
			buildActionMask = 2147483647;
			files = (
				D9CAC31728AA1F0600DC088F /* GFBodyLabel.swift in Sources */,
				D9CAC31928AA1FDF00DC088F /* GFAlertVC.swift in Sources */,
				D9CAC31128A692DF00DC088F /* GFTextField.swift in Sources */,
				D9CAC31B28AB6F2700DC088F /* UIViewController+Ext.swift in Sources */,
				D9CAC30D28A42B2400DC088F /* FavoritesListVC.swift in Sources */,
				D9CAC30F28A68F0E00DC088F /* GFButton.swift in Sources */,
				D9CAC30B28A42AD200DC088F /* SearchVC.swift in Sources */,
				D9CAC31528AA1AE200DC088F /* GFTitleLabel.swift in Sources */,
				D9CAC31328A838BF00DC088F /* FollowerListVC.swift in Sources */,
				D9CAC2F728A2AF3300DC088F /* AppDelegate.swift in Sources */,
				D9CAC2F928A2AF3300DC088F /* SceneDelegate.swift in Sources */,
			);
			runOnlyForDeploymentPostprocessing = 0;
		};
/* End PBXSourcesBuildPhase section */

/* Begin PBXVariantGroup section */
		D9CAC30128A2AF3600DC088F /* LaunchScreen.storyboard */ = {
			isa = PBXVariantGroup;
			children = (
				D9CAC30228A2AF3600DC088F /* Base */,
			);
			name = LaunchScreen.storyboard;
			sourceTree = "<group>";
		};
/* End PBXVariantGroup section */

/* Begin XCBuildConfiguration section */
		D9CAC30528A2AF3600DC088F /* Debug */ = {
			isa = XCBuildConfiguration;
			buildSettings = {
				ALWAYS_SEARCH_USER_PATHS = NO;
				CLANG_ANALYZER_NONNULL = YES;
				CLANG_ANALYZER_NUMBER_OBJECT_CONVERSION = YES_AGGRESSIVE;
				CLANG_CXX_LANGUAGE_STANDARD = "gnu++17";
				CLANG_ENABLE_MODULES = YES;
				CLANG_ENABLE_OBJC_ARC = YES;
				CLANG_ENABLE_OBJC_WEAK = YES;
				CLANG_WARN_BLOCK_CAPTURE_AUTORELEASING = YES;
				CLANG_WARN_BOOL_CONVERSION = YES;
				CLANG_WARN_COMMA = YES;
				CLANG_WARN_CONSTANT_CONVERSION = YES;
				CLANG_WARN_DEPRECATED_OBJC_IMPLEMENTATIONS = YES;
				CLANG_WARN_DIRECT_OBJC_ISA_USAGE = YES_ERROR;
				CLANG_WARN_DOCUMENTATION_COMMENTS = YES;
				CLANG_WARN_EMPTY_BODY = YES;
				CLANG_WARN_ENUM_CONVERSION = YES;
				CLANG_WARN_INFINITE_RECURSION = YES;
				CLANG_WARN_INT_CONVERSION = YES;
				CLANG_WARN_NON_LITERAL_NULL_CONVERSION = YES;
				CLANG_WARN_OBJC_IMPLICIT_RETAIN_SELF = YES;
				CLANG_WARN_OBJC_LITERAL_CONVERSION = YES;
				CLANG_WARN_OBJC_ROOT_CLASS = YES_ERROR;
				CLANG_WARN_QUOTED_INCLUDE_IN_FRAMEWORK_HEADER = YES;
				CLANG_WARN_RANGE_LOOP_ANALYSIS = YES;
				CLANG_WARN_STRICT_PROTOTYPES = YES;
				CLANG_WARN_SUSPICIOUS_MOVE = YES;
				CLANG_WARN_UNGUARDED_AVAILABILITY = YES_AGGRESSIVE;
				CLANG_WARN_UNREACHABLE_CODE = YES;
				CLANG_WARN__DUPLICATE_METHOD_MATCH = YES;
				COPY_PHASE_STRIP = NO;
				DEBUG_INFORMATION_FORMAT = dwarf;
				ENABLE_STRICT_OBJC_MSGSEND = YES;
				ENABLE_TESTABILITY = YES;
				GCC_C_LANGUAGE_STANDARD = gnu11;
				GCC_DYNAMIC_NO_PIC = NO;
				GCC_NO_COMMON_BLOCKS = YES;
				GCC_OPTIMIZATION_LEVEL = 0;
				GCC_PREPROCESSOR_DEFINITIONS = (
					"DEBUG=1",
					"$(inherited)",
				);
				GCC_WARN_64_TO_32_BIT_CONVERSION = YES;
				GCC_WARN_ABOUT_RETURN_TYPE = YES_ERROR;
				GCC_WARN_UNDECLARED_SELECTOR = YES;
				GCC_WARN_UNINITIALIZED_AUTOS = YES_AGGRESSIVE;
				GCC_WARN_UNUSED_FUNCTION = YES;
				GCC_WARN_UNUSED_VARIABLE = YES;
				IPHONEOS_DEPLOYMENT_TARGET = 15.5;
				MTL_ENABLE_DEBUG_INFO = INCLUDE_SOURCE;
				MTL_FAST_MATH = YES;
				ONLY_ACTIVE_ARCH = YES;
				SDKROOT = iphoneos;
				SWIFT_ACTIVE_COMPILATION_CONDITIONS = DEBUG;
				SWIFT_OPTIMIZATION_LEVEL = "-Onone";
			};
			name = Debug;
		};
		D9CAC30628A2AF3600DC088F /* Release */ = {
			isa = XCBuildConfiguration;
			buildSettings = {
				ALWAYS_SEARCH_USER_PATHS = NO;
				CLANG_ANALYZER_NONNULL = YES;
				CLANG_ANALYZER_NUMBER_OBJECT_CONVERSION = YES_AGGRESSIVE;
				CLANG_CXX_LANGUAGE_STANDARD = "gnu++17";
				CLANG_ENABLE_MODULES = YES;
				CLANG_ENABLE_OBJC_ARC = YES;
				CLANG_ENABLE_OBJC_WEAK = YES;
				CLANG_WARN_BLOCK_CAPTURE_AUTORELEASING = YES;
				CLANG_WARN_BOOL_CONVERSION = YES;
				CLANG_WARN_COMMA = YES;
				CLANG_WARN_CONSTANT_CONVERSION = YES;
				CLANG_WARN_DEPRECATED_OBJC_IMPLEMENTATIONS = YES;
				CLANG_WARN_DIRECT_OBJC_ISA_USAGE = YES_ERROR;
				CLANG_WARN_DOCUMENTATION_COMMENTS = YES;
				CLANG_WARN_EMPTY_BODY = YES;
				CLANG_WARN_ENUM_CONVERSION = YES;
				CLANG_WARN_INFINITE_RECURSION = YES;
				CLANG_WARN_INT_CONVERSION = YES;
				CLANG_WARN_NON_LITERAL_NULL_CONVERSION = YES;
				CLANG_WARN_OBJC_IMPLICIT_RETAIN_SELF = YES;
				CLANG_WARN_OBJC_LITERAL_CONVERSION = YES;
				CLANG_WARN_OBJC_ROOT_CLASS = YES_ERROR;
				CLANG_WARN_QUOTED_INCLUDE_IN_FRAMEWORK_HEADER = YES;
				CLANG_WARN_RANGE_LOOP_ANALYSIS = YES;
				CLANG_WARN_STRICT_PROTOTYPES = YES;
				CLANG_WARN_SUSPICIOUS_MOVE = YES;
				CLANG_WARN_UNGUARDED_AVAILABILITY = YES_AGGRESSIVE;
				CLANG_WARN_UNREACHABLE_CODE = YES;
				CLANG_WARN__DUPLICATE_METHOD_MATCH = YES;
				COPY_PHASE_STRIP = NO;
				DEBUG_INFORMATION_FORMAT = "dwarf-with-dsym";
				ENABLE_NS_ASSERTIONS = NO;
				ENABLE_STRICT_OBJC_MSGSEND = YES;
				GCC_C_LANGUAGE_STANDARD = gnu11;
				GCC_NO_COMMON_BLOCKS = YES;
				GCC_WARN_64_TO_32_BIT_CONVERSION = YES;
				GCC_WARN_ABOUT_RETURN_TYPE = YES_ERROR;
				GCC_WARN_UNDECLARED_SELECTOR = YES;
				GCC_WARN_UNINITIALIZED_AUTOS = YES_AGGRESSIVE;
				GCC_WARN_UNUSED_FUNCTION = YES;
				GCC_WARN_UNUSED_VARIABLE = YES;
				IPHONEOS_DEPLOYMENT_TARGET = 15.5;
				MTL_ENABLE_DEBUG_INFO = NO;
				MTL_FAST_MATH = YES;
				SDKROOT = iphoneos;
				SWIFT_COMPILATION_MODE = wholemodule;
				SWIFT_OPTIMIZATION_LEVEL = "-O";
				VALIDATE_PRODUCT = YES;
			};
			name = Release;
		};
		D9CAC30828A2AF3600DC088F /* Debug */ = {
			isa = XCBuildConfiguration;
			buildSettings = {
				ASSETCATALOG_COMPILER_APPICON_NAME = AppIcon;
				ASSETCATALOG_COMPILER_GLOBAL_ACCENT_COLOR_NAME = AccentColor;
				CODE_SIGN_STYLE = Automatic;
				CURRENT_PROJECT_VERSION = 1;
				DEVELOPMENT_TEAM = 2D872887WZ;
				GENERATE_INFOPLIST_FILE = YES;
				INFOPLIST_FILE = "GH Followers/Info.plist";
				INFOPLIST_KEY_UIApplicationSupportsIndirectInputEvents = YES;
				INFOPLIST_KEY_UILaunchStoryboardName = LaunchScreen;
				INFOPLIST_KEY_UISupportedInterfaceOrientations = UIInterfaceOrientationPortrait;
				INFOPLIST_KEY_UISupportedInterfaceOrientations_iPad = "UIInterfaceOrientationPortrait UIInterfaceOrientationPortraitUpsideDown UIInterfaceOrientationLandscapeLeft UIInterfaceOrientationLandscapeRight";
				INFOPLIST_KEY_UISupportedInterfaceOrientations_iPhone = "UIInterfaceOrientationPortrait UIInterfaceOrientationLandscapeLeft UIInterfaceOrientationLandscapeRight";
				LD_RUNPATH_SEARCH_PATHS = (
					"$(inherited)",
					"@executable_path/Frameworks",
				);
				MARKETING_VERSION = 1.0;
				PRODUCT_BUNDLE_IDENTIFIER = "vadim-archer.GH-Followers";
				PRODUCT_NAME = "$(TARGET_NAME)";
				SWIFT_EMIT_LOC_STRINGS = YES;
				SWIFT_VERSION = 5.0;
				TARGETED_DEVICE_FAMILY = 1;
			};
			name = Debug;
		};
		D9CAC30928A2AF3600DC088F /* Release */ = {
			isa = XCBuildConfiguration;
			buildSettings = {
				ASSETCATALOG_COMPILER_APPICON_NAME = AppIcon;
				ASSETCATALOG_COMPILER_GLOBAL_ACCENT_COLOR_NAME = AccentColor;
				CODE_SIGN_STYLE = Automatic;
				CURRENT_PROJECT_VERSION = 1;
				DEVELOPMENT_TEAM = 2D872887WZ;
				GENERATE_INFOPLIST_FILE = YES;
				INFOPLIST_FILE = "GH Followers/Info.plist";
				INFOPLIST_KEY_UIApplicationSupportsIndirectInputEvents = YES;
				INFOPLIST_KEY_UILaunchStoryboardName = LaunchScreen;
				INFOPLIST_KEY_UISupportedInterfaceOrientations = UIInterfaceOrientationPortrait;
				INFOPLIST_KEY_UISupportedInterfaceOrientations_iPad = "UIInterfaceOrientationPortrait UIInterfaceOrientationPortraitUpsideDown UIInterfaceOrientationLandscapeLeft UIInterfaceOrientationLandscapeRight";
				INFOPLIST_KEY_UISupportedInterfaceOrientations_iPhone = "UIInterfaceOrientationPortrait UIInterfaceOrientationLandscapeLeft UIInterfaceOrientationLandscapeRight";
				LD_RUNPATH_SEARCH_PATHS = (
					"$(inherited)",
					"@executable_path/Frameworks",
				);
				MARKETING_VERSION = 1.0;
				PRODUCT_BUNDLE_IDENTIFIER = "vadim-archer.GH-Followers";
				PRODUCT_NAME = "$(TARGET_NAME)";
				SWIFT_EMIT_LOC_STRINGS = YES;
				SWIFT_VERSION = 5.0;
				TARGETED_DEVICE_FAMILY = 1;
			};
			name = Release;
		};
/* End XCBuildConfiguration section */

/* Begin XCConfigurationList section */
		D9CAC2EE28A2AF3300DC088F /* Build configuration list for PBXProject "GH Followers" */ = {
			isa = XCConfigurationList;
			buildConfigurations = (
				D9CAC30528A2AF3600DC088F /* Debug */,
				D9CAC30628A2AF3600DC088F /* Release */,
			);
			defaultConfigurationIsVisible = 0;
			defaultConfigurationName = Release;
		};
		D9CAC30728A2AF3600DC088F /* Build configuration list for PBXNativeTarget "GH Followers" */ = {
			isa = XCConfigurationList;
			buildConfigurations = (
				D9CAC30828A2AF3600DC088F /* Debug */,
				D9CAC30928A2AF3600DC088F /* Release */,
			);
			defaultConfigurationIsVisible = 0;
			defaultConfigurationName = Release;
		};
/* End XCConfigurationList section */
	};
	rootObject = D9CAC2EB28A2AF3300DC088F /* Project object */;
}
